{
  "name": "@chispecial/storage",
  "version": "1.0.6",
  "lockfileVersion": 3,
  "requires": true,
  "packages": {
    "": {
      "name": "@chispecial/storage",
      "version": "1.0.6",
      "license": "ISC",
      "engines": {
        "node": ">=16.0.0"
      }
    },
    "node_modules/@chinemerem/storage": {
      "resolved": "",
      "link": true
    },
    "node_modules/@chispecial/storage": {
      "resolved": "",
      "link": true
    }
  }
}
