{
  "name": "@chispecial/user_media",
  "version": "1.0.1",
  "lockfileVersion": 3,
  "requires": true,
  "packages": {
    "": {
      "name": "@chispecial/user_media",
      "version": "1.0.1",
      "license": "MIT",
      "engines": {
        "node": ">=16.0.0"
      }
    },
    "node_modules/@chispecial/user_media": {
      "resolved": "",
      "link": true
    }
  }
}
